# spec.lock — provenance of ai-dev/spec/. Auto-written by scripts/sync-spec.sh; do not hand-edit.
# spec/ is a vendored mirror of the handoff/ subtree of the shared product-spec repo.
source_repo:   https://github.com/c-mless/documentation
source_ref:    cmless/main
source_subdir: handoff
source_sha:    b7f5ae73d28ef61d81ad6335906dd6e2cd928a9b
source_date:   2026-07-10T17:00:27+01:00
source_commit: Allocation committed-vs-received: per-allocation receipt-position read + reporting definitions (MVP-DEC-037)
